
Microsoft Visual Studio Solution File, Format Version 12.00
# Visual Studio 15
VisualStudioVersion = 15.0.27703.2042
MinimumVisualStudioVersion = 10.0.40219.1
Project("{FAE04EC0-301F-11D3-BF4B-00C04F79EFBC}") = "FirstApp", "ConsoleApp1\FirstApp.csproj", "{F8197F94-C1E4-4D38-B1D3-F3312F44A024}"
EndProject
Global
	GlobalSection(SolutionConfigurationPlatforms) = preSolution
		Debug|Any CPU = Debug|Any CPU
		Release|Any CPU = Release|Any CPU
	EndGlobalSection
	GlobalSection(ProjectConfigurationPlatforms) = postSolution
		{F8197F94-C1E4-4D38-B1D3-F3312F44A024}.Debug|Any CPU.ActiveCfg = Debug|Any CPU
		{F8197F94-C1E4-4D38-B1D3-F3312F44A024}.Debug|Any CPU.Build.0 = Debug|Any CPU
		{F8197F94-C1E4-4D38-B1D3-F3312F44A024}.Release|Any CPU.ActiveCfg = Release|Any CPU
		{F8197F94-C1E4-4D38-B1D3-F3312F44A024}.Release|Any CPU.Build.0 = Release|Any CPU
	EndGlobalSection
	GlobalSection(SolutionProperties) = preSolution
		HideSolutionNode = FALSE
	EndGlobalSection
	GlobalSection(ExtensibilityGlobals) = postSolution
		SolutionGuid = {F7A377CB-939D-492E-A08A-342D5B50529A}
	EndGlobalSection
EndGlobal
